
Microsoft Visual Studio Solution File, Format Version 12.00
# Visual Studio 15
Project("{FAE04EC0-301F-11D3-BF4B-00C04F79EFBC}") = "EasyAR.Sense.Sample.MotionTracking_ImageTarget", "EasyAR.Sense.Sample.MotionTracking_ImageTarget.csproj", "{05211C0F-2684-EF69-80DB-37D3F6B39712}"
EndProject
Project("{FAE04EC0-301F-11D3-BF4B-00C04F79EFBC}") = "EasyAR.Sense.Sample.SurfaceTracking_ImageTarget", "EasyAR.Sense.Sample.SurfaceTracking_ImageTarget.csproj", "{242AAADA-57B6-6F08-7C91-AE660557FC42}"
EndProject
Project("{FAE04EC0-301F-11D3-BF4B-00C04F79EFBC}") = "Assembly-CSharp", "Assembly-CSharp.csproj", "{DD713BF6-52BE-4701-35D2-E0766FF03774}"
EndProject
Global
	GlobalSection(SolutionConfigurationPlatforms) = preSolution
		Debug|Any CPU = Debug|Any CPU
		Release|Any CPU = Release|Any CPU
	EndGlobalSection
	GlobalSection(ProjectConfigurationPlatforms) = postSolution
		{05211C0F-2684-EF69-80DB-37D3F6B39712}.Debug|Any CPU.ActiveCfg = Debug|Any CPU
		{05211C0F-2684-EF69-80DB-37D3F6B39712}.Debug|Any CPU.Build.0 = Debug|Any CPU
		{05211C0F-2684-EF69-80DB-37D3F6B39712}.Release|Any CPU.ActiveCfg = Release|Any CPU
		{05211C0F-2684-EF69-80DB-37D3F6B39712}.Release|Any CPU.Build.0 = Release|Any CPU
		{242AAADA-57B6-6F08-7C91-AE660557FC42}.Debug|Any CPU.ActiveCfg = Debug|Any CPU
		{242AAADA-57B6-6F08-7C91-AE660557FC42}.Debug|Any CPU.Build.0 = Debug|Any CPU
		{242AAADA-57B6-6F08-7C91-AE660557FC42}.Release|Any CPU.ActiveCfg = Release|Any CPU
		{242AAADA-57B6-6F08-7C91-AE660557FC42}.Release|Any CPU.Build.0 = Release|Any CPU
		{DD713BF6-52BE-4701-35D2-E0766FF03774}.Debug|Any CPU.ActiveCfg = Debug|Any CPU
		{DD713BF6-52BE-4701-35D2-E0766FF03774}.Debug|Any CPU.Build.0 = Debug|Any CPU
		{DD713BF6-52BE-4701-35D2-E0766FF03774}.Release|Any CPU.ActiveCfg = Release|Any CPU
		{DD713BF6-52BE-4701-35D2-E0766FF03774}.Release|Any CPU.Build.0 = Release|Any CPU
	EndGlobalSection
	GlobalSection(SolutionProperties) = preSolution
		HideSolutionNode = FALSE
	EndGlobalSection
EndGlobal
